
Microsoft Visual Studio Solution File, Format Version 12.00
# Visual Studio Version 17
VisualStudioVersion = 17.5.33516.290
MinimumVisualStudioVersion = 10.0.40219.1
Project("{FAE04EC0-301F-11D3-BF4B-00C04F79EFBC}") = "RssBot", "RssBot\RssBot.csproj", "{B2F433C4-D3E7-4D95-A89A-D7B8377D7195}"
EndProject
Global
	GlobalSection(SolutionConfigurationPlatforms) = preSolution
		Debug|Any CPU = Debug|Any CPU
		Release|Any CPU = Release|Any CPU
	EndGlobalSection
	GlobalSection(ProjectConfigurationPlatforms) = postSolution
		{B2F433C4-D3E7-4D95-A89A-D7B8377D7195}.Debug|Any CPU.ActiveCfg = Debug|Any CPU
		{B2F433C4-D3E7-4D95-A89A-D7B8377D7195}.Debug|Any CPU.Build.0 = Debug|Any CPU
		{B2F433C4-D3E7-4D95-A89A-D7B8377D7195}.Release|Any CPU.ActiveCfg = Release|Any CPU
		{B2F433C4-D3E7-4D95-A89A-D7B8377D7195}.Release|Any CPU.Build.0 = Release|Any CPU
	EndGlobalSection
	GlobalSection(SolutionProperties) = preSolution
		HideSolutionNode = FALSE
	EndGlobalSection
	GlobalSection(ExtensibilityGlobals) = postSolution
		SolutionGuid = {73B4F06F-AEBC-4FD7-86E2-A303CFE1FCB2}
	EndGlobalSection
EndGlobal
